
Microsoft Visual Studio Solution File, Format Version 10.00
# Visual Studio 2008
Project("{8BC9CEB8-8B4A-11D0-8D11-00A0C91BC942}") = "PESignAnalyzer", "PESignAnalyzer_vs2008.vcproj", "{CE2B975B-C5AE-44AB-A6ED-6F55F3885915}"
EndProject
Global
	GlobalSection(SolutionConfigurationPlatforms) = preSolution
		Debug|Win32 = Debug|Win32
		Release|Win32 = Release|Win32
	EndGlobalSection
	GlobalSection(ProjectConfigurationPlatforms) = postSolution
		{CE2B975B-C5AE-44AB-A6ED-6F55F3885915}.Debug|Win32.ActiveCfg = Debug|Win32
		{CE2B975B-C5AE-44AB-A6ED-6F55F3885915}.Debug|Win32.Build.0 = Debug|Win32
		{CE2B975B-C5AE-44AB-A6ED-6F55F3885915}.Release|Win32.ActiveCfg = Release|Win32
		{CE2B975B-C5AE-44AB-A6ED-6F55F3885915}.Release|Win32.Build.0 = Release|Win32
	EndGlobalSection
	GlobalSection(SolutionProperties) = preSolution
		HideSolutionNode = FALSE
	EndGlobalSection
EndGlobal
